
Microsoft Visual Studio Solution File, Format Version 12.00
# Visual Studio Version 16
VisualStudioVersion = 16.0.31229.75
MinimumVisualStudioVersion = 10.0.40219.1
Project("{9A19103F-16F7-4668-BE54-9A1E7A4F7556}") = "Play.Identity.Service", "Play.Identity.Service.csproj", "{6C3B77C6-7881-4800-9554-137724B8491B}"
EndProject
Global
	GlobalSection(SolutionConfigurationPlatforms) = preSolution
		Debug|Any CPU = Debug|Any CPU
		Release|Any CPU = Release|Any CPU
	EndGlobalSection
	GlobalSection(ProjectConfigurationPlatforms) = postSolution
		{6C3B77C6-7881-4800-9554-137724B8491B}.Debug|Any CPU.ActiveCfg = Debug|Any CPU
		{6C3B77C6-7881-4800-9554-137724B8491B}.Debug|Any CPU.Build.0 = Debug|Any CPU
		{6C3B77C6-7881-4800-9554-137724B8491B}.Release|Any CPU.ActiveCfg = Release|Any CPU
		{6C3B77C6-7881-4800-9554-137724B8491B}.Release|Any CPU.Build.0 = Release|Any CPU
	EndGlobalSection
	GlobalSection(SolutionProperties) = preSolution
		HideSolutionNode = FALSE
	EndGlobalSection
	GlobalSection(ExtensibilityGlobals) = postSolution
		SolutionGuid = {B559A7DE-8BF2-4A6A-98BE-1FF63A00F35F}
	EndGlobalSection
EndGlobal
